
Microsoft Visual Studio Solution File, Format Version 12.00
# Visual Studio Version 17
VisualStudioVersion = 17.10.35122.118
MinimumVisualStudioVersion = 10.0.40219.1
Project("{FAE04EC0-301F-11D3-BF4B-00C04F79EFBC}") = "CustomerApi", "CustomerApi\CustomerApi.csproj", "{A850B982-AD73-4FA7-B23B-8CB236F80285}"
EndProject
Project("{FAE04EC0-301F-11D3-BF4B-00C04F79EFBC}") = "CustomerApp", "CustomerApp\CustomerApp.csproj", "{B5955B65-24D7-46BD-9C93-0B4EC99009E9}"
EndProject
Global
	GlobalSection(SolutionConfigurationPlatforms) = preSolution
		Debug|Any CPU = Debug|Any CPU
		Release|Any CPU = Release|Any CPU
	EndGlobalSection
	GlobalSection(ProjectConfigurationPlatforms) = postSolution
		{A850B982-AD73-4FA7-B23B-8CB236F80285}.Debug|Any CPU.ActiveCfg = Debug|Any CPU
		{A850B982-AD73-4FA7-B23B-8CB236F80285}.Debug|Any CPU.Build.0 = Debug|Any CPU
		{A850B982-AD73-4FA7-B23B-8CB236F80285}.Release|Any CPU.ActiveCfg = Release|Any CPU
		{A850B982-AD73-4FA7-B23B-8CB236F80285}.Release|Any CPU.Build.0 = Release|Any CPU
		{B5955B65-24D7-46BD-9C93-0B4EC99009E9}.Debug|Any CPU.ActiveCfg = Debug|Any CPU
		{B5955B65-24D7-46BD-9C93-0B4EC99009E9}.Debug|Any CPU.Build.0 = Debug|Any CPU
		{B5955B65-24D7-46BD-9C93-0B4EC99009E9}.Release|Any CPU.ActiveCfg = Release|Any CPU
		{B5955B65-24D7-46BD-9C93-0B4EC99009E9}.Release|Any CPU.Build.0 = Release|Any CPU
	EndGlobalSection
	GlobalSection(SolutionProperties) = preSolution
		HideSolutionNode = FALSE
	EndGlobalSection
	GlobalSection(ExtensibilityGlobals) = postSolution
		SolutionGuid = {F49C922A-3B3D-477A-9076-2F6DDDED4EE4}
	EndGlobalSection
EndGlobal
